{
  "name": "spritesheet-webpack-plugin",
  "version": "1.0.0",
  "lockfileVersion": 3,
  "requires": true,
  "packages": {
    "": {
      "name": "spritesheet-webpack-plugin",
      "version": "1.0.0",
      "license": "ISC",
      "dependencies": {
        "sprite-me": "^1.0.1"
      }
    },
    "node_modules/sprite-me": {
      "version": "1.1.1",
      "resolved": "https://registry.npmjs.org/sprite-me/-/sprite-me-1.1.1.tgz",
      "integrity": "sha512-CjrrrxB/AHRHDUwhAQ5MCLH94Qi1jpEhWiFSJxCd5ss+aU8RwING76Uj/slCnmEhNq++9PQGaq0Cgk7J53qNaA=="
    }
  }
}
