{
  "name": "spritesheet-webpack-plugin",
  "version": "1.0.0",
  "lockfileVersion": 3,
  "requires": true,
  "packages": {
    "": {
      "name": "spritesheet-webpack-plugin",
      "version": "1.0.0",
      "license": "ISC",
      "dependencies": {
        "sprite-me": "^1.0.1"
      }
    },
    "node_modules/sprite-me": {
      "version": "1.0.1",
      "resolved": "https://registry.npmjs.org/sprite-me/-/sprite-me-1.0.1.tgz",
      "integrity": "sha512-vIQP8bsMtDzOAXAz9bnRu99Po9xn81KsZMecG7ttK4zzt8uhDQtmHWJp6r5iD4C5Ux8iUUrpsxSvFZ4s9V4MLg=="
    }
  }
}
